// !$*UTF8*$!
{
	archiveVersion = 1;
	classes = {
	};
	objectVersion = 46;
	objects = {

/* Begin PBXBuildFile section */
		09D0F9A270E5F0B030E4B5B3 /* Pods_DesafioAppProvaTests.framework in Frameworks */ = {isa = PBXBuildFile; fileRef = 12BB6961ED969E1E950F5D1F /* Pods_DesafioAppProvaTests.framework */; };
		5D0CF22BED6642792CAD1E73 /* Pods_DesafioAppProva.framework in Frameworks */ = {isa = PBXBuildFile; fileRef = 968C23BDF7266D880D11618A /* Pods_DesafioAppProva.framework */; };
		D9245D8B1F5354CC0093F0ED /* PullRequest.swift in Sources */ = {isa = PBXBuildFile; fileRef = D9245D8A1F5354CC0093F0ED /* PullRequest.swift */; };
		D9245D8D1F535F9B0093F0ED /* SearchResultsTableViewController.swift in Sources */ = {isa = PBXBuildFile; fileRef = D9245D8C1F535F9B0093F0ED /* SearchResultsTableViewController.swift */; };
		D9245D901F53BC870093F0ED /* NSErrorExtension.swift in Sources */ = {isa = PBXBuildFile; fileRef = D9245D8F1F53BC870093F0ED /* NSErrorExtension.swift */; };
		D9245D921F53C9390093F0ED /* PullRequestsTableViewController.swift in Sources */ = {isa = PBXBuildFile; fileRef = D9245D911F53C9390093F0ED /* PullRequestsTableViewController.swift */; };
		D9245D951F53C9680093F0ED /* RepositoryTableViewCell.swift in Sources */ = {isa = PBXBuildFile; fileRef = D9245D941F53C9680093F0ED /* RepositoryTableViewCell.swift */; };
		D9245D971F53C97F0093F0ED /* PullRequestTableViewCell.swift in Sources */ = {isa = PBXBuildFile; fileRef = D9245D961F53C97F0093F0ED /* PullRequestTableViewCell.swift */; };
		D927B4EA1F506DF000F8D2FE /* GitHubService.swift in Sources */ = {isa = PBXBuildFile; fileRef = D927B4E91F506DF000F8D2FE /* GitHubService.swift */; };
		D927B4EE1F50821000F8D2FE /* SearchResult.swift in Sources */ = {isa = PBXBuildFile; fileRef = D927B4ED1F50821000F8D2FE /* SearchResult.swift */; };
		D95536721F50896B0020E905 /* Repository.swift in Sources */ = {isa = PBXBuildFile; fileRef = D95536711F50896B0020E905 /* Repository.swift */; };
		D95536741F508A450020E905 /* Owner.swift in Sources */ = {isa = PBXBuildFile; fileRef = D95536731F508A450020E905 /* Owner.swift */; };
		D998D74A1F50661400E87897 /* AppDelegate.swift in Sources */ = {isa = PBXBuildFile; fileRef = D998D7491F50661400E87897 /* AppDelegate.swift */; };
		D998D74F1F50661400E87897 /* Main.storyboard in Resources */ = {isa = PBXBuildFile; fileRef = D998D74D1F50661400E87897 /* Main.storyboard */; };
		D998D7511F50661400E87897 /* Assets.xcassets in Resources */ = {isa = PBXBuildFile; fileRef = D998D7501F50661400E87897 /* Assets.xcassets */; };
		D998D7541F50661400E87897 /* LaunchScreen.storyboard in Resources */ = {isa = PBXBuildFile; fileRef = D998D7521F50661400E87897 /* LaunchScreen.storyboard */; };
		D998D75F1F50661400E87897 /* DesafioAppProvaTests.swift in Sources */ = {isa = PBXBuildFile; fileRef = D998D75E1F50661400E87897 /* DesafioAppProvaTests.swift */; };
/* End PBXBuildFile section */

/* Begin PBXContainerItemProxy section */
		D998D75B1F50661400E87897 /* PBXContainerItemProxy */ = {
			isa = PBXContainerItemProxy;
			containerPortal = D998D73E1F50661400E87897 /* Project object */;
			proxyType = 1;
			remoteGlobalIDString = D998D7451F50661400E87897;
			remoteInfo = DesafioAppProva;
		};
/* End PBXContainerItemProxy section */

/* Begin PBXFileReference section */
		0F04339399C98E17C6F3C791 /* Pods-DesafioAppProvaTests.debug.xcconfig */ = {isa = PBXFileReference; includeInIndex = 1; lastKnownFileType = text.xcconfig; name = "Pods-DesafioAppProvaTests.debug.xcconfig"; path = "Pods/Target Support Files/Pods-DesafioAppProvaTests/Pods-DesafioAppProvaTests.debug.xcconfig"; sourceTree = "<group>"; };
		12BB6961ED969E1E950F5D1F /* Pods_DesafioAppProvaTests.framework */ = {isa = PBXFileReference; explicitFileType = wrapper.framework; includeInIndex = 0; path = Pods_DesafioAppProvaTests.framework; sourceTree = BUILT_PRODUCTS_DIR; };
		4BAD44513CA1054F3F8EC421 /* Pods-DesafioAppProva.release.xcconfig */ = {isa = PBXFileReference; includeInIndex = 1; lastKnownFileType = text.xcconfig; name = "Pods-DesafioAppProva.release.xcconfig"; path = "Pods/Target Support Files/Pods-DesafioAppProva/Pods-DesafioAppProva.release.xcconfig"; sourceTree = "<group>"; };
		968C23BDF7266D880D11618A /* Pods_DesafioAppProva.framework */ = {isa = PBXFileReference; explicitFileType = wrapper.framework; includeInIndex = 0; path = Pods_DesafioAppProva.framework; sourceTree = BUILT_PRODUCTS_DIR; };
		C63433527DB69BFFB9E9FDD2 /* Pods-DesafioAppProva.debug.xcconfig */ = {isa = PBXFileReference; includeInIndex = 1; lastKnownFileType = text.xcconfig; name = "Pods-DesafioAppProva.debug.xcconfig"; path = "Pods/Target Support Files/Pods-DesafioAppProva/Pods-DesafioAppProva.debug.xcconfig"; sourceTree = "<group>"; };
		C882E69CC281B58B1AC821AC /* Pods-DesafioAppProvaTests.release.xcconfig */ = {isa = PBXFileReference; includeInIndex = 1; lastKnownFileType = text.xcconfig; name = "Pods-DesafioAppProvaTests.release.xcconfig"; path = "Pods/Target Support Files/Pods-DesafioAppProvaTests/Pods-DesafioAppProvaTests.release.xcconfig"; sourceTree = "<group>"; };
		D9245D8A1F5354CC0093F0ED /* PullRequest.swift */ = {isa = PBXFileReference; fileEncoding = 4; lastKnownFileType = sourcecode.swift; path = PullRequest.swift; sourceTree = "<group>"; };
		D9245D8C1F535F9B0093F0ED /* SearchResultsTableViewController.swift */ = {isa = PBXFileReference; fileEncoding = 4; lastKnownFileType = sourcecode.swift; path = SearchResultsTableViewController.swift; sourceTree = "<group>"; };
		D9245D8F1F53BC870093F0ED /* NSErrorExtension.swift */ = {isa = PBXFileReference; fileEncoding = 4; lastKnownFileType = sourcecode.swift; path = NSErrorExtension.swift; sourceTree = "<group>"; };
		D9245D911F53C9390093F0ED /* PullRequestsTableViewController.swift */ = {isa = PBXFileReference; fileEncoding = 4; lastKnownFileType = sourcecode.swift; path = PullRequestsTableViewController.swift; sourceTree = "<group>"; };
		D9245D941F53C9680093F0ED /* RepositoryTableViewCell.swift */ = {isa = PBXFileReference; fileEncoding = 4; lastKnownFileType = sourcecode.swift; path = RepositoryTableViewCell.swift; sourceTree = "<group>"; };
		D9245D961F53C97F0093F0ED /* PullRequestTableViewCell.swift */ = {isa = PBXFileReference; fileEncoding = 4; lastKnownFileType = sourcecode.swift; path = PullRequestTableViewCell.swift; sourceTree = "<group>"; };
		D927B4E91F506DF000F8D2FE /* GitHubService.swift */ = {isa = PBXFileReference; fileEncoding = 4; lastKnownFileType = sourcecode.swift; path = GitHubService.swift; sourceTree = "<group>"; };
		D927B4ED1F50821000F8D2FE /* SearchResult.swift */ = {isa = PBXFileReference; fileEncoding = 4; lastKnownFileType = sourcecode.swift; path = SearchResult.swift; sourceTree = "<group>"; };
		D95536711F50896B0020E905 /* Repository.swift */ = {isa = PBXFileReference; fileEncoding = 4; lastKnownFileType = sourcecode.swift; path = Repository.swift; sourceTree = "<group>"; };
		D95536731F508A450020E905 /* Owner.swift */ = {isa = PBXFileReference; fileEncoding = 4; lastKnownFileType = sourcecode.swift; path = Owner.swift; sourceTree = "<group>"; };
		D998D7461F50661400E87897 /* DesafioAppProva.app */ = {isa = PBXFileReference; explicitFileType = wrapper.application; includeInIndex = 0; path = DesafioAppProva.app; sourceTree = BUILT_PRODUCTS_DIR; };
		D998D7491F50661400E87897 /* AppDelegate.swift */ = {isa = PBXFileReference; lastKnownFileType = sourcecode.swift; path = AppDelegate.swift; sourceTree = "<group>"; };
		D998D74E1F50661400E87897 /* Base */ = {isa = PBXFileReference; lastKnownFileType = file.storyboard; name = Base; path = Base.lproj/Main.storyboard; sourceTree = "<group>"; };
		D998D7501F50661400E87897 /* Assets.xcassets */ = {isa = PBXFileReference; lastKnownFileType = folder.assetcatalog; path = Assets.xcassets; sourceTree = "<group>"; };
		D998D7531F50661400E87897 /* Base */ = {isa = PBXFileReference; lastKnownFileType = file.storyboard; name = Base; path = Base.lproj/LaunchScreen.storyboard; sourceTree = "<group>"; };
		D998D7551F50661400E87897 /* Info.plist */ = {isa = PBXFileReference; lastKnownFileType = text.plist.xml; path = Info.plist; sourceTree = "<group>"; };
		D998D75A1F50661400E87897 /* DesafioAppProvaTests.xctest */ = {isa = PBXFileReference; explicitFileType = wrapper.cfbundle; includeInIndex = 0; path = DesafioAppProvaTests.xctest; sourceTree = BUILT_PRODUCTS_DIR; };
		D998D75E1F50661400E87897 /* DesafioAppProvaTests.swift */ = {isa = PBXFileReference; lastKnownFileType = sourcecode.swift; path = DesafioAppProvaTests.swift; sourceTree = "<group>"; };
		D998D7601F50661400E87897 /* Info.plist */ = {isa = PBXFileReference; lastKnownFileType = text.plist.xml; path = Info.plist; sourceTree = "<group>"; };
/* End PBXFileReference section */

/* Begin PBXFrameworksBuildPhase section */
		D998D7431F50661400E87897 /* Frameworks */ = {
			isa = PBXFrameworksBuildPhase;
			buildActionMask = 2147483647;
			files = (
				5D0CF22BED6642792CAD1E73 /* Pods_DesafioAppProva.framework in Frameworks */,
			);
			runOnlyForDeploymentPostprocessing = 0;
		};
		D998D7571F50661400E87897 /* Frameworks */ = {
			isa = PBXFrameworksBuildPhase;
			buildActionMask = 2147483647;
			files = (
				09D0F9A270E5F0B030E4B5B3 /* Pods_DesafioAppProvaTests.framework in Frameworks */,
			);
			runOnlyForDeploymentPostprocessing = 0;
		};
/* End PBXFrameworksBuildPhase section */

/* Begin PBXGroup section */
		6BE31C7E2BB7F9325C028FB9 /* Frameworks */ = {
			isa = PBXGroup;
			children = (
				968C23BDF7266D880D11618A /* Pods_DesafioAppProva.framework */,
				12BB6961ED969E1E950F5D1F /* Pods_DesafioAppProvaTests.framework */,
			);
			name = Frameworks;
			sourceTree = "<group>";
		};
		8A7D106351E57F7E4F9240E8 /* Pods */ = {
			isa = PBXGroup;
			children = (
				C63433527DB69BFFB9E9FDD2 /* Pods-DesafioAppProva.debug.xcconfig */,
				4BAD44513CA1054F3F8EC421 /* Pods-DesafioAppProva.release.xcconfig */,
				0F04339399C98E17C6F3C791 /* Pods-DesafioAppProvaTests.debug.xcconfig */,
				C882E69CC281B58B1AC821AC /* Pods-DesafioAppProvaTests.release.xcconfig */,
			);
			name = Pods;
			sourceTree = "<group>";
		};
		D9245D8E1F53BC700093F0ED /* Extensions */ = {
			isa = PBXGroup;
			children = (
				D9245D8F1F53BC870093F0ED /* NSErrorExtension.swift */,
			);
			path = Extensions;
			sourceTree = "<group>";
		};
		D9245D931F53C9530093F0ED /* Cells */ = {
			isa = PBXGroup;
			children = (
				D9245D941F53C9680093F0ED /* RepositoryTableViewCell.swift */,
				D9245D961F53C97F0093F0ED /* PullRequestTableViewCell.swift */,
			);
			path = Cells;
			sourceTree = "<group>";
		};
		D927B4E81F506DC400F8D2FE /* Service */ = {
			isa = PBXGroup;
			children = (
				D927B4E91F506DF000F8D2FE /* GitHubService.swift */,
			);
			path = Service;
			sourceTree = "<group>";
		};
		D927B4EB1F506E0600F8D2FE /* Controllers */ = {
			isa = PBXGroup;
			children = (
				D9245D8C1F535F9B0093F0ED /* SearchResultsTableViewController.swift */,
				D9245D911F53C9390093F0ED /* PullRequestsTableViewController.swift */,
			);
			path = Controllers;
			sourceTree = "<group>";
		};
		D927B4EC1F506F5200F8D2FE /* Models */ = {
			isa = PBXGroup;
			children = (
				D927B4ED1F50821000F8D2FE /* SearchResult.swift */,
				D95536711F50896B0020E905 /* Repository.swift */,
				D95536731F508A450020E905 /* Owner.swift */,
				D9245D8A1F5354CC0093F0ED /* PullRequest.swift */,
			);
			path = Models;
			sourceTree = "<group>";
		};
		D998D73D1F50661400E87897 = {
			isa = PBXGroup;
			children = (
				D998D7481F50661400E87897 /* DesafioAppProva */,
				D998D75D1F50661400E87897 /* DesafioAppProvaTests */,
				D998D7471F50661400E87897 /* Products */,
				8A7D106351E57F7E4F9240E8 /* Pods */,
				6BE31C7E2BB7F9325C028FB9 /* Frameworks */,
			);
			sourceTree = "<group>";
		};
		D998D7471F50661400E87897 /* Products */ = {
			isa = PBXGroup;
			children = (
				D998D7461F50661400E87897 /* DesafioAppProva.app */,
				D998D75A1F50661400E87897 /* DesafioAppProvaTests.xctest */,
			);
			name = Products;
			sourceTree = "<group>";
		};
		D998D7481F50661400E87897 /* DesafioAppProva */ = {
			isa = PBXGroup;
			children = (
				D9245D931F53C9530093F0ED /* Cells */,
				D9245D8E1F53BC700093F0ED /* Extensions */,
				D927B4EC1F506F5200F8D2FE /* Models */,
				D927B4EB1F506E0600F8D2FE /* Controllers */,
				D927B4E81F506DC400F8D2FE /* Service */,
				D998D7491F50661400E87897 /* AppDelegate.swift */,
				D998D74D1F50661400E87897 /* Main.storyboard */,
				D998D7501F50661400E87897 /* Assets.xcassets */,
				D998D7521F50661400E87897 /* LaunchScreen.storyboard */,
				D998D7551F50661400E87897 /* Info.plist */,
			);
			path = DesafioAppProva;
			sourceTree = "<group>";
		};
		D998D75D1F50661400E87897 /* DesafioAppProvaTests */ = {
			isa = PBXGroup;
			children = (
				D998D75E1F50661400E87897 /* DesafioAppProvaTests.swift */,
				D998D7601F50661400E87897 /* Info.plist */,
			);
			path = DesafioAppProvaTests;
			sourceTree = "<group>";
		};
/* End PBXGroup section */

/* Begin PBXNativeTarget section */
		D998D7451F50661400E87897 /* DesafioAppProva */ = {
			isa = PBXNativeTarget;
			buildConfigurationList = D998D7631F50661400E87897 /* Build configuration list for PBXNativeTarget "DesafioAppProva" */;
			buildPhases = (
				35323766B53220FCD760E602 /* [CP] Check Pods Manifest.lock */,
				D998D7421F50661400E87897 /* Sources */,
				D998D7431F50661400E87897 /* Frameworks */,
				D998D7441F50661400E87897 /* Resources */,
				565CAABB12B378FEB0BE324B /* [CP] Embed Pods Frameworks */,
				389FDF235EE655E14471F4A5 /* [CP] Copy Pods Resources */,
			);
			buildRules = (
			);
			dependencies = (
			);
			name = DesafioAppProva;
			productName = DesafioAppProva;
			productReference = D998D7461F50661400E87897 /* DesafioAppProva.app */;
			productType = "com.apple.product-type.application";
		};
		D998D7591F50661400E87897 /* DesafioAppProvaTests */ = {
			isa = PBXNativeTarget;
			buildConfigurationList = D998D7661F50661400E87897 /* Build configuration list for PBXNativeTarget "DesafioAppProvaTests" */;
			buildPhases = (
				F265928B6099D04C5FD2F567 /* [CP] Check Pods Manifest.lock */,
				D998D7561F50661400E87897 /* Sources */,
				D998D7571F50661400E87897 /* Frameworks */,
				D998D7581F50661400E87897 /* Resources */,
				C801DF0D069127EC41EDEC41 /* [CP] Embed Pods Frameworks */,
				F88768BA93D770D40E892738 /* [CP] Copy Pods Resources */,
			);
			buildRules = (
			);
			dependencies = (
				D998D75C1F50661400E87897 /* PBXTargetDependency */,
			);
			name = DesafioAppProvaTests;
			productName = DesafioAppProvaTests;
			productReference = D998D75A1F50661400E87897 /* DesafioAppProvaTests.xctest */;
			productType = "com.apple.product-type.bundle.unit-test";
		};
/* End PBXNativeTarget section */

/* Begin PBXProject section */
		D998D73E1F50661400E87897 /* Project object */ = {
			isa = PBXProject;
			attributes = {
				LastSwiftUpdateCheck = 0830;
				LastUpgradeCheck = 0830;
				ORGANIZATIONNAME = "Diogo Ribeiro de Oliveira";
				TargetAttributes = {
					D998D7451F50661400E87897 = {
						CreatedOnToolsVersion = 8.3.3;
						ProvisioningStyle = Automatic;
					};
					D998D7591F50661400E87897 = {
						CreatedOnToolsVersion = 8.3.3;
						ProvisioningStyle = Automatic;
						TestTargetID = D998D7451F50661400E87897;
					};
				};
			};
			buildConfigurationList = D998D7411F50661400E87897 /* Build configuration list for PBXProject "DesafioAppProva" */;
			compatibilityVersion = "Xcode 3.2";
			developmentRegion = English;
			hasScannedForEncodings = 0;
			knownRegions = (
				en,
				Base,
			);
			mainGroup = D998D73D1F50661400E87897;
			productRefGroup = D998D7471F50661400E87897 /* Products */;
			projectDirPath = "";
			projectRoot = "";
			targets = (
				D998D7451F50661400E87897 /* DesafioAppProva */,
				D998D7591F50661400E87897 /* DesafioAppProvaTests */,
			);
		};
/* End PBXProject section */

/* Begin PBXResourcesBuildPhase section */
		D998D7441F50661400E87897 /* Resources */ = {
			isa = PBXResourcesBuildPhase;
			buildActionMask = 2147483647;
			files = (
				D998D7541F50661400E87897 /* LaunchScreen.storyboard in Resources */,
				D998D7511F50661400E87897 /* Assets.xcassets in Resources */,
				D998D74F1F50661400E87897 /* Main.storyboard in Resources */,
			);
			runOnlyForDeploymentPostprocessing = 0;
		};
		D998D7581F50661400E87897 /* Resources */ = {
			isa = PBXResourcesBuildPhase;
			buildActionMask = 2147483647;
			files = (
			);
			runOnlyForDeploymentPostprocessing = 0;
		};
/* End PBXResourcesBuildPhase section */

/* Begin PBXShellScriptBuildPhase section */
		35323766B53220FCD760E602 /* [CP] Check Pods Manifest.lock */ = {
			isa = PBXShellScriptBuildPhase;
			buildActionMask = 2147483647;
			files = (
			);
			inputPaths = (
			);
			name = "[CP] Check Pods Manifest.lock";
			outputPaths = (
			);
			runOnlyForDeploymentPostprocessing = 0;
			shellPath = /bin/sh;
			shellScript = "diff \"${PODS_ROOT}/../Podfile.lock\" \"${PODS_ROOT}/Manifest.lock\" > /dev/null\nif [ $? != 0 ] ; then\n    # print error to STDERR\n    echo \"error: The sandbox is not in sync with the Podfile.lock. Run 'pod install' or update your CocoaPods installation.\" >&2\n    exit 1\nfi\n";
			showEnvVarsInLog = 0;
		};
		389FDF235EE655E14471F4A5 /* [CP] Copy Pods Resources */ = {
			isa = PBXShellScriptBuildPhase;
			buildActionMask = 2147483647;
			files = (
			);
			inputPaths = (
			);
			name = "[CP] Copy Pods Resources";
			outputPaths = (
			);
			runOnlyForDeploymentPostprocessing = 0;
			shellPath = /bin/sh;
			shellScript = "\"${SRCROOT}/Pods/Target Support Files/Pods-DesafioAppProva/Pods-DesafioAppProva-resources.sh\"\n";
			showEnvVarsInLog = 0;
		};
		565CAABB12B378FEB0BE324B /* [CP] Embed Pods Frameworks */ = {
			isa = PBXShellScriptBuildPhase;
			buildActionMask = 2147483647;
			files = (
			);
			inputPaths = (
			);
			name = "[CP] Embed Pods Frameworks";
			outputPaths = (
			);
			runOnlyForDeploymentPostprocessing = 0;
			shellPath = /bin/sh;
			shellScript = "\"${SRCROOT}/Pods/Target Support Files/Pods-DesafioAppProva/Pods-DesafioAppProva-frameworks.sh\"\n";
			showEnvVarsInLog = 0;
		};
		C801DF0D069127EC41EDEC41 /* [CP] Embed Pods Frameworks */ = {
			isa = PBXShellScriptBuildPhase;
			buildActionMask = 2147483647;
			files = (
			);
			inputPaths = (
			);
			name = "[CP] Embed Pods Frameworks";
			outputPaths = (
			);
			runOnlyForDeploymentPostprocessing = 0;
			shellPath = /bin/sh;
			shellScript = "\"${SRCROOT}/Pods/Target Support Files/Pods-DesafioAppProvaTests/Pods-DesafioAppProvaTests-frameworks.sh\"\n";
			showEnvVarsInLog = 0;
		};
		F265928B6099D04C5FD2F567 /* [CP] Check Pods Manifest.lock */ = {
			isa = PBXShellScriptBuildPhase;
			buildActionMask = 2147483647;
			files = (
			);
			inputPaths = (
			);
			name = "[CP] Check Pods Manifest.lock";
			outputPaths = (
			);
			runOnlyForDeploymentPostprocessing = 0;
			shellPath = /bin/sh;
			shellScript = "diff \"${PODS_ROOT}/../Podfile.lock\" \"${PODS_ROOT}/Manifest.lock\" > /dev/null\nif [ $? != 0 ] ; then\n    # print error to STDERR\n    echo \"error: The sandbox is not in sync with the Podfile.lock. Run 'pod install' or update your CocoaPods installation.\" >&2\n    exit 1\nfi\n";
			showEnvVarsInLog = 0;
		};
		F88768BA93D770D40E892738 /* [CP] Copy Pods Resources */ = {
			isa = PBXShellScriptBuildPhase;
			buildActionMask = 2147483647;
			files = (
			);
			inputPaths = (
			);
			name = "[CP] Copy Pods Resources";
			outputPaths = (
			);
			runOnlyForDeploymentPostprocessing = 0;
			shellPath = /bin/sh;
			shellScript = "\"${SRCROOT}/Pods/Target Support Files/Pods-DesafioAppProvaTests/Pods-DesafioAppProvaTests-resources.sh\"\n";
			showEnvVarsInLog = 0;
		};
/* End PBXShellScriptBuildPhase section */

/* Begin PBXSourcesBuildPhase section */
		D998D7421F50661400E87897 /* Sources */ = {
			isa = PBXSourcesBuildPhase;
			buildActionMask = 2147483647;
			files = (
				D9245D8B1F5354CC0093F0ED /* PullRequest.swift in Sources */,
				D9245D901F53BC870093F0ED /* NSErrorExtension.swift in Sources */,
				D9245D921F53C9390093F0ED /* PullRequestsTableViewController.swift in Sources */,
				D9245D971F53C97F0093F0ED /* PullRequestTableViewCell.swift in Sources */,
				D9245D951F53C9680093F0ED /* RepositoryTableViewCell.swift in Sources */,
				D927B4EA1F506DF000F8D2FE /* GitHubService.swift in Sources */,
				D927B4EE1F50821000F8D2FE /* SearchResult.swift in Sources */,
				D998D74A1F50661400E87897 /* AppDelegate.swift in Sources */,
				D95536741F508A450020E905 /* Owner.swift in Sources */,
				D9245D8D1F535F9B0093F0ED /* SearchResultsTableViewController.swift in Sources */,
				D95536721F50896B0020E905 /* Repository.swift in Sources */,
			);
			runOnlyForDeploymentPostprocessing = 0;
		};
		D998D7561F50661400E87897 /* Sources */ = {
			isa = PBXSourcesBuildPhase;
			buildActionMask = 2147483647;
			files = (
				D998D75F1F50661400E87897 /* DesafioAppProvaTests.swift in Sources */,
			);
			runOnlyForDeploymentPostprocessing = 0;
		};
/* End PBXSourcesBuildPhase section */

/* Begin PBXTargetDependency section */
		D998D75C1F50661400E87897 /* PBXTargetDependency */ = {
			isa = PBXTargetDependency;
			target = D998D7451F50661400E87897 /* DesafioAppProva */;
			targetProxy = D998D75B1F50661400E87897 /* PBXContainerItemProxy */;
		};
/* End PBXTargetDependency section */

/* Begin PBXVariantGroup section */
		D998D74D1F50661400E87897 /* Main.storyboard */ = {
			isa = PBXVariantGroup;
			children = (
				D998D74E1F50661400E87897 /* Base */,
			);
			name = Main.storyboard;
			sourceTree = "<group>";
		};
		D998D7521F50661400E87897 /* LaunchScreen.storyboard */ = {
			isa = PBXVariantGroup;
			children = (
				D998D7531F50661400E87897 /* Base */,
			);
			name = LaunchScreen.storyboard;
			sourceTree = "<group>";
		};
/* End PBXVariantGroup section */

/* Begin XCBuildConfiguration section */
		D998D7611F50661400E87897 /* Debug */ = {
			isa = XCBuildConfiguration;
			buildSettings = {
				ALWAYS_SEARCH_USER_PATHS = NO;
				CLANG_ANALYZER_NONNULL = YES;
				CLANG_ANALYZER_NUMBER_OBJECT_CONVERSION = YES_AGGRESSIVE;
				CLANG_CXX_LANGUAGE_STANDARD = "gnu++0x";
				CLANG_CXX_LIBRARY = "libc++";
				CLANG_ENABLE_MODULES = YES;
				CLANG_ENABLE_OBJC_ARC = YES;
				CLANG_WARN_BOOL_CONVERSION = YES;
				CLANG_WARN_CONSTANT_CONVERSION = YES;
				CLANG_WARN_DIRECT_OBJC_ISA_USAGE = YES_ERROR;
				CLANG_WARN_DOCUMENTATION_COMMENTS = YES;
				CLANG_WARN_EMPTY_BODY = YES;
				CLANG_WARN_ENUM_CONVERSION = YES;
				CLANG_WARN_INFINITE_RECURSION = YES;
				CLANG_WARN_INT_CONVERSION = YES;
				CLANG_WARN_OBJC_ROOT_CLASS = YES_ERROR;
				CLANG_WARN_SUSPICIOUS_MOVE = YES;
				CLANG_WARN_UNREACHABLE_CODE = YES;
				CLANG_WARN__DUPLICATE_METHOD_MATCH = YES;
				"CODE_SIGN_IDENTITY[sdk=iphoneos*]" = "iPhone Developer";
				COPY_PHASE_STRIP = NO;
				DEBUG_INFORMATION_FORMAT = dwarf;
				ENABLE_STRICT_OBJC_MSGSEND = YES;
				ENABLE_TESTABILITY = YES;
				GCC_C_LANGUAGE_STANDARD = gnu99;
				GCC_DYNAMIC_NO_PIC = NO;
				GCC_NO_COMMON_BLOCKS = YES;
				GCC_OPTIMIZATION_LEVEL = 0;
				GCC_PREPROCESSOR_DEFINITIONS = (
					"DEBUG=1",
					"$(inherited)",
				);
				GCC_WARN_64_TO_32_BIT_CONVERSION = YES;
				GCC_WARN_ABOUT_RETURN_TYPE = YES_ERROR;
				GCC_WARN_UNDECLARED_SELECTOR = YES;
				GCC_WARN_UNINITIALIZED_AUTOS = YES_AGGRESSIVE;
				GCC_WARN_UNUSED_FUNCTION = YES;
				GCC_WARN_UNUSED_VARIABLE = YES;
				IPHONEOS_DEPLOYMENT_TARGET = 9.0;
				MTL_ENABLE_DEBUG_INFO = YES;
				ONLY_ACTIVE_ARCH = YES;
				SDKROOT = iphoneos;
				SWIFT_ACTIVE_COMPILATION_CONDITIONS = DEBUG;
				SWIFT_OPTIMIZATION_LEVEL = "-Onone";
			};
			name = Debug;
		};
		D998D7621F50661400E87897 /* Release */ = {
			isa = XCBuildConfiguration;
			buildSettings = {
				ALWAYS_SEARCH_USER_PATHS = NO;
				CLANG_ANALYZER_NONNULL = YES;
				CLANG_ANALYZER_NUMBER_OBJECT_CONVERSION = YES_AGGRESSIVE;
				CLANG_CXX_LANGUAGE_STANDARD = "gnu++0x";
				CLANG_CXX_LIBRARY = "libc++";
				CLANG_ENABLE_MODULES = YES;
				CLANG_ENABLE_OBJC_ARC = YES;
				CLANG_WARN_BOOL_CONVERSION = YES;
				CLANG_WARN_CONSTANT_CONVERSION = YES;
				CLANG_WARN_DIRECT_OBJC_ISA_USAGE = YES_ERROR;
				CLANG_WARN_DOCUMENTATION_COMMENTS = YES;
				CLANG_WARN_EMPTY_BODY = YES;
				CLANG_WARN_ENUM_CONVERSION = YES;
				CLANG_WARN_INFINITE_RECURSION = YES;
				CLANG_WARN_INT_CONVERSION = YES;
				CLANG_WARN_OBJC_ROOT_CLASS = YES_ERROR;
				CLANG_WARN_SUSPICIOUS_MOVE = YES;
				CLANG_WARN_UNREACHABLE_CODE = YES;
				CLANG_WARN__DUPLICATE_METHOD_MATCH = YES;
				"CODE_SIGN_IDENTITY[sdk=iphoneos*]" = "iPhone Developer";
				COPY_PHASE_STRIP = NO;
				DEBUG_INFORMATION_FORMAT = "dwarf-with-dsym";
				ENABLE_NS_ASSERTIONS = NO;
				ENABLE_STRICT_OBJC_MSGSEND = YES;
				GCC_C_LANGUAGE_STANDARD = gnu99;
				GCC_NO_COMMON_BLOCKS = YES;
				GCC_WARN_64_TO_32_BIT_CONVERSION = YES;
				GCC_WARN_ABOUT_RETURN_TYPE = YES_ERROR;
				GCC_WARN_UNDECLARED_SELECTOR = YES;
				GCC_WARN_UNINITIALIZED_AUTOS = YES_AGGRESSIVE;
				GCC_WARN_UNUSED_FUNCTION = YES;
				GCC_WARN_UNUSED_VARIABLE = YES;
				IPHONEOS_DEPLOYMENT_TARGET = 9.0;
				MTL_ENABLE_DEBUG_INFO = NO;
				SDKROOT = iphoneos;
				SWIFT_OPTIMIZATION_LEVEL = "-Owholemodule";
				VALIDATE_PRODUCT = YES;
			};
			name = Release;
		};
		D998D7641F50661400E87897 /* Debug */ = {
			isa = XCBuildConfiguration;
			baseConfigurationReference = C63433527DB69BFFB9E9FDD2 /* Pods-DesafioAppProva.debug.xcconfig */;
			buildSettings = {
				ASSETCATALOG_COMPILER_APPICON_NAME = AppIcon;
				INFOPLIST_FILE = DesafioAppProva/Info.plist;
				LD_RUNPATH_SEARCH_PATHS = "$(inherited) @executable_path/Frameworks";
				PRODUCT_BUNDLE_IDENTIFIER = br.com.diogoro.DesafioAppProva;
				PRODUCT_NAME = "$(TARGET_NAME)";
				SWIFT_VERSION = 3.0;
			};
			name = Debug;
		};
		D998D7651F50661400E87897 /* Release */ = {
			isa = XCBuildConfiguration;
			baseConfigurationReference = 4BAD44513CA1054F3F8EC421 /* Pods-DesafioAppProva.release.xcconfig */;
			buildSettings = {
				ASSETCATALOG_COMPILER_APPICON_NAME = AppIcon;
				INFOPLIST_FILE = DesafioAppProva/Info.plist;
				LD_RUNPATH_SEARCH_PATHS = "$(inherited) @executable_path/Frameworks";
				PRODUCT_BUNDLE_IDENTIFIER = br.com.diogoro.DesafioAppProva;
				PRODUCT_NAME = "$(TARGET_NAME)";
				SWIFT_VERSION = 3.0;
			};
			name = Release;
		};
		D998D7671F50661400E87897 /* Debug */ = {
			isa = XCBuildConfiguration;
			baseConfigurationReference = 0F04339399C98E17C6F3C791 /* Pods-DesafioAppProvaTests.debug.xcconfig */;
			buildSettings = {
				ALWAYS_EMBED_SWIFT_STANDARD_LIBRARIES = YES;
				BUNDLE_LOADER = "$(TEST_HOST)";
				INFOPLIST_FILE = DesafioAppProvaTests/Info.plist;
				LD_RUNPATH_SEARCH_PATHS = "$(inherited) @executable_path/Frameworks @loader_path/Frameworks";
				PRODUCT_BUNDLE_IDENTIFIER = br.com.diogoro.DesafioAppProvaTests;
				PRODUCT_NAME = "$(TARGET_NAME)";
				SWIFT_VERSION = 3.0;
				TEST_HOST = "$(BUILT_PRODUCTS_DIR)/DesafioAppProva.app/DesafioAppProva";
			};
			name = Debug;
		};
		D998D7681F50661400E87897 /* Release */ = {
			isa = XCBuildConfiguration;
			baseConfigurationReference = C882E69CC281B58B1AC821AC /* Pods-DesafioAppProvaTests.release.xcconfig */;
			buildSettings = {
				ALWAYS_EMBED_SWIFT_STANDARD_LIBRARIES = YES;
				BUNDLE_LOADER = "$(TEST_HOST)";
				INFOPLIST_FILE = DesafioAppProvaTests/Info.plist;
				LD_RUNPATH_SEARCH_PATHS = "$(inherited) @executable_path/Frameworks @loader_path/Frameworks";
				PRODUCT_BUNDLE_IDENTIFIER = br.com.diogoro.DesafioAppProvaTests;
				PRODUCT_NAME = "$(TARGET_NAME)";
				SWIFT_VERSION = 3.0;
				TEST_HOST = "$(BUILT_PRODUCTS_DIR)/DesafioAppProva.app/DesafioAppProva";
			};
			name = Release;
		};
/* End XCBuildConfiguration section */

/* Begin XCConfigurationList section */
		D998D7411F50661400E87897 /* Build configuration list for PBXProject "DesafioAppProva" */ = {
			isa = XCConfigurationList;
			buildConfigurations = (
				D998D7611F50661400E87897 /* Debug */,
				D998D7621F50661400E87897 /* Release */,
			);
			defaultConfigurationIsVisible = 0;
			defaultConfigurationName = Release;
		};
		D998D7631F50661400E87897 /* Build configuration list for PBXNativeTarget "DesafioAppProva" */ = {
			isa = XCConfigurationList;
			buildConfigurations = (
				D998D7641F50661400E87897 /* Debug */,
				D998D7651F50661400E87897 /* Release */,
			);
			defaultConfigurationIsVisible = 0;
			defaultConfigurationName = Release;
		};
		D998D7661F50661400E87897 /* Build configuration list for PBXNativeTarget "DesafioAppProvaTests" */ = {
			isa = XCConfigurationList;
			buildConfigurations = (
				D998D7671F50661400E87897 /* Debug */,
				D998D7681F50661400E87897 /* Release */,
			);
			defaultConfigurationIsVisible = 0;
			defaultConfigurationName = Release;
		};
/* End XCConfigurationList section */
	};
	rootObject = D998D73E1F50661400E87897 /* Project object */;
}
